
Microsoft Visual Studio Solution File, Format Version 12.00
# Visual Studio Version 17
VisualStudioVersion = 17.9.34728.123
MinimumVisualStudioVersion = 10.0.40219.1
Project("{FAE04EC0-301F-11D3-BF4B-00C04F79EFBC}") = "Regeneration", "Regeneration\Regeneration.csproj", "{ACF78ACE-18D9-41E5-BFE7-2E38E0ACCCC5}"
EndProject
Global
	GlobalSection(SolutionConfigurationPlatforms) = preSolution
		Debug|Any CPU = Debug|Any CPU
		Release|Any CPU = Release|Any CPU
	EndGlobalSection
	GlobalSection(ProjectConfigurationPlatforms) = postSolution
		{ACF78ACE-18D9-41E5-BFE7-2E38E0ACCCC5}.Debug|Any CPU.ActiveCfg = Debug|Any CPU
		{ACF78ACE-18D9-41E5-BFE7-2E38E0ACCCC5}.Debug|Any CPU.Build.0 = Debug|Any CPU
		{ACF78ACE-18D9-41E5-BFE7-2E38E0ACCCC5}.Release|Any CPU.ActiveCfg = Release|Any CPU
		{ACF78ACE-18D9-41E5-BFE7-2E38E0ACCCC5}.Release|Any CPU.Build.0 = Release|Any CPU
	EndGlobalSection
	GlobalSection(SolutionProperties) = preSolution
		HideSolutionNode = FALSE
	EndGlobalSection
	GlobalSection(ExtensibilityGlobals) = postSolution
		SolutionGuid = {3DA91924-C9E9-443D-AC6C-6347E3C8983D}
	EndGlobalSection
EndGlobal
